PODS:
  - SJFrameSwift (0.1.0)

DEPENDENCIES:
  - SJFrameSwift (from `https://github.com/SJClass/SJFrameSwift.git`)

EXTERNAL SOURCES:
  SJFrameSwift:
    :git: https://github.com/SJClass/SJFrameSwift.git

CHECKOUT OPTIONS:
  SJFrameSwift:
    :commit: 7861b5bb1728c62ce417d64b1ed10aa87d152ff8
    :git: https://github.com/SJClass/SJFrameSwift.git

SPEC CHECKSUMS:
  SJFrameSwift: d8a2b08d7074eb8d41046828d44a2e024c92b91e

PODFILE CHECKSUM: 4fd2b6ca4b2964a37808d4bd93be3c76f8a34e4f

COCOAPODS: 1.11.3
